// !$*UTF8*$!
{
	archiveVersion = 1;
	classes = {
	};
	objectVersion = 50;
	objects = {

/* Begin PBXBuildFile section */
		3F86EB0E21AF2BB10099C1C1 /* DueIt_Logo.png in Resources */ = {isa = PBXBuildFile; fileRef = 5B58384A21ACA68C00D8511E /* DueIt_Logo.png */; };
		3F86EB1021AF2BEA0099C1C1 /* GoogleService-Info.plist in Resources */ = {isa = PBXBuildFile; fileRef = 3F86EB0F21AF2BEA0099C1C1 /* GoogleService-Info.plist */; };
		3F86EB1221AF2BF20099C1C1 /* DueItLogo_Launch.png in Resources */ = {isa = PBXBuildFile; fileRef = 3F86EB1121AF2BF20099C1C1 /* DueItLogo_Launch.png */; };
		3F86EB1421AF2E890099C1C1 /* LoginViewController.swift in Sources */ = {isa = PBXBuildFile; fileRef = 3F86EB1321AF2E890099C1C1 /* LoginViewController.swift */; };
		3FA85F8E21B1AC8400B8A3C3 /* EditTaskViewController.swift in Sources */ = {isa = PBXBuildFile; fileRef = 3FA85F8D21B1AC8400B8A3C3 /* EditTaskViewController.swift */; };
		5B77BFED21B851E100B06A6C /* Singleton.swift in Sources */ = {isa = PBXBuildFile; fileRef = 5B77BFEC21B851E100B06A6C /* Singleton.swift */; };
		5B843D6821ADFD3B00425B55 /* taskParticles.scnp in Resources */ = {isa = PBXBuildFile; fileRef = 5B843D6621ADFD3B00425B55 /* taskParticles.scnp */; };
		5B843D6921ADFD3B00425B55 /* Assets.xcassets in Resources */ = {isa = PBXBuildFile; fileRef = 5B843D6721ADFD3B00425B55 /* Assets.xcassets */; };
		5B843D6B21AE553800425B55 /* particles.sks in Resources */ = {isa = PBXBuildFile; fileRef = 5B843D6A21AE553800425B55 /* particles.sks */; };
		5B929BCF21A9B69A00CCA9F7 /* Task.swift in Sources */ = {isa = PBXBuildFile; fileRef = 5B929BCE21A9B69A00CCA9F7 /* Task.swift */; };
		5B935B1621AA2E92004ED88C /* AddTaskViewController.swift in Sources */ = {isa = PBXBuildFile; fileRef = 5B935B1521AA2E92004ED88C /* AddTaskViewController.swift */; };
		5BB2386221C17C5900B29EFE /* Due_ItUITests.swift in Sources */ = {isa = PBXBuildFile; fileRef = 61DD3FFA219A2D4D00020E7B /* Due_ItUITests.swift */; };
		6146E49821B5D65A009D4D19 /* garden_background.png in Resources */ = {isa = PBXBuildFile; fileRef = 6146E49721B5D65A009D4D19 /* garden_background.png */; };
		6146E49A21B5D6B8009D4D19 /* flower.png in Resources */ = {isa = PBXBuildFile; fileRef = 6146E49921B5D6B7009D4D19 /* flower.png */; };
		619FE5FB21C6DF7300441C88 /* applause2.mp3 in Resources */ = {isa = PBXBuildFile; fileRef = 619FE5FA21C6DF7300441C88 /* applause2.mp3 */; };
		619FE5FE21C859DD00441C88 /* yellowstem.png in Resources */ = {isa = PBXBuildFile; fileRef = 619FE5FC21C859DC00441C88 /* yellowstem.png */; };
		619FE5FF21C859DD00441C88 /* purple.png in Resources */ = {isa = PBXBuildFile; fileRef = 619FE5FD21C859DD00441C88 /* purple.png */; };
		619FE60121C85D2000441C88 /* SelectFlowerViewController.swift in Sources */ = {isa = PBXBuildFile; fileRef = 619FE60021C85D2000441C88 /* SelectFlowerViewController.swift */; };
		61B2CB1421B5D32E006325A7 /* GardenViewController.swift in Sources */ = {isa = PBXBuildFile; fileRef = 61B2CB1321B5D32D006325A7 /* GardenViewController.swift */; };
		61DD3FDB219A2D4A00020E7B /* AppDelegate.swift in Sources */ = {isa = PBXBuildFile; fileRef = 61DD3FDA219A2D4A00020E7B /* AppDelegate.swift */; };
		61DD3FDD219A2D4A00020E7B /* ViewController.swift in Sources */ = {isa = PBXBuildFile; fileRef = 61DD3FDC219A2D4A00020E7B /* ViewController.swift */; };
		61DD3FE0219A2D4A00020E7B /* Main.storyboard in Resources */ = {isa = PBXBuildFile; fileRef = 61DD3FDE219A2D4A00020E7B /* Main.storyboard */; };
		61DD3FE2219A2D4D00020E7B /* Assets.xcassets in Resources */ = {isa = PBXBuildFile; fileRef = 61DD3FE1219A2D4D00020E7B /* Assets.xcassets */; };
		61DD3FE5219A2D4D00020E7B /* LaunchScreen.storyboard in Resources */ = {isa = PBXBuildFile; fileRef = 61DD3FE3219A2D4D00020E7B /* LaunchScreen.storyboard */; };
		61DD3FF0219A2D4D00020E7B /* Due_ItTests.swift in Sources */ = {isa = PBXBuildFile; fileRef = 61DD3FEF219A2D4D00020E7B /* Due_ItTests.swift */; };
		9A3DC7CD5BB278807162CFBE /* Pods_Due_ItTests.framework in Frameworks */ = {isa = PBXBuildFile; fileRef = F5994486DE3407D6E746E811 /* Pods_Due_ItTests.framework */; };
		A6FE9B2777C5716C20D88E93 /* Pods_Due_ItUITests.framework in Frameworks */ = {isa = PBXBuildFile; fileRef = 59C73E4BB5AF51A4457F823D /* Pods_Due_ItUITests.framework */; };
		CA811B4DD49CAE3B39E26510 /* Pods_Due_It.framework in Frameworks */ = {isa = PBXBuildFile; fileRef = 1E9EAD70285ABEE0038AB716 /* Pods_Due_It.framework */; };
/* End PBXBuildFile section */

/* Begin PBXContainerItemProxy section */
		61DD3FEC219A2D4D00020E7B /* PBXContainerItemProxy */ = {
			isa = PBXContainerItemProxy;
			containerPortal = 61DD3FCF219A2D4A00020E7B /* Project object */;
			proxyType = 1;
			remoteGlobalIDString = 61DD3FD6219A2D4A00020E7B;
			remoteInfo = "Due It";
		};
		61DD3FF7219A2D4D00020E7B /* PBXContainerItemProxy */ = {
			isa = PBXContainerItemProxy;
			containerPortal = 61DD3FCF219A2D4A00020E7B /* Project object */;
			proxyType = 1;
			remoteGlobalIDString = 61DD3FD6219A2D4A00020E7B;
			remoteInfo = "Due It";
		};
/* End PBXContainerItemProxy section */

/* Begin PBXFileReference section */
		1E9EAD70285ABEE0038AB716 /* Pods_Due_It.framework */ = {isa = PBXFileReference; explicitFileType = wrapper.framework; includeInIndex = 0; path = Pods_Due_It.framework; sourceTree = BUILT_PRODUCTS_DIR; };
		310538CF4759871C35083027 /* Pods-Due It.release.xcconfig */ = {isa = PBXFileReference; includeInIndex = 1; lastKnownFileType = text.xcconfig; name = "Pods-Due It.release.xcconfig"; path = "Pods/Target Support Files/Pods-Due It/Pods-Due It.release.xcconfig"; sourceTree = "<group>"; };
		3F86EB0F21AF2BEA0099C1C1 /* GoogleService-Info.plist */ = {isa = PBXFileReference; fileEncoding = 4; lastKnownFileType = text.plist.xml; path = "GoogleService-Info.plist"; sourceTree = "<group>"; };
		3F86EB1121AF2BF20099C1C1 /* DueItLogo_Launch.png */ = {isa = PBXFileReference; lastKnownFileType = image.png; path = DueItLogo_Launch.png; sourceTree = "<group>"; };
		3F86EB1321AF2E890099C1C1 /* LoginViewController.swift */ = {isa = PBXFileReference; lastKnownFileType = sourcecode.swift; path = LoginViewController.swift; sourceTree = "<group>"; };
		3FA85F8D21B1AC8400B8A3C3 /* EditTaskViewController.swift */ = {isa = PBXFileReference; lastKnownFileType = sourcecode.swift; path = EditTaskViewController.swift; sourceTree = "<group>"; };
		59C73E4BB5AF51A4457F823D /* Pods_Due_ItUITests.framework */ = {isa = PBXFileReference; explicitFileType = wrapper.framework; includeInIndex = 0; path = Pods_Due_ItUITests.framework; sourceTree = BUILT_PRODUCTS_DIR; };
		5B58384A21ACA68C00D8511E /* DueIt_Logo.png */ = {isa = PBXFileReference; lastKnownFileType = image.png; name = DueIt_Logo.png; path = Assets.xcassets/DueIt_Logo.imageset/DueIt_Logo.png; sourceTree = "<group>"; };
		5B77BFEC21B851E100B06A6C /* Singleton.swift */ = {isa = PBXFileReference; lastKnownFileType = sourcecode.swift; path = Singleton.swift; sourceTree = "<group>"; };
		5B843D6621ADFD3B00425B55 /* taskParticles.scnp */ = {isa = PBXFileReference; lastKnownFileType = file.scp; path = taskParticles.scnp; sourceTree = "<group>"; };
		5B843D6721ADFD3B00425B55 /* Assets.xcassets */ = {isa = PBXFileReference; lastKnownFileType = folder.assetcatalog; name = Assets.xcassets; path = ../Assets.xcassets; sourceTree = "<group>"; };
		5B843D6A21AE553800425B55 /* particles.sks */ = {isa = PBXFileReference; lastKnownFileType = file.sks; path = particles.sks; sourceTree = "<group>"; };
		5B929BCE21A9B69A00CCA9F7 /* Task.swift */ = {isa = PBXFileReference; lastKnownFileType = sourcecode.swift; path = Task.swift; sourceTree = "<group>"; };
		5B935B1521AA2E92004ED88C /* AddTaskViewController.swift */ = {isa = PBXFileReference; lastKnownFileType = sourcecode.swift; path = AddTaskViewController.swift; sourceTree = "<group>"; };
		6146E49721B5D65A009D4D19 /* garden_background.png */ = {isa = PBXFileReference; lastKnownFileType = image.png; path = garden_background.png; sourceTree = SOURCE_ROOT; };
		6146E49921B5D6B7009D4D19 /* flower.png */ = {isa = PBXFileReference; lastKnownFileType = image.png; path = flower.png; sourceTree = SOURCE_ROOT; };
		619FE5FA21C6DF7300441C88 /* applause2.mp3 */ = {isa = PBXFileReference; lastKnownFileType = audio.mp3; path = applause2.mp3; sourceTree = SOURCE_ROOT; };
		619FE5FC21C859DC00441C88 /* yellowstem.png */ = {isa = PBXFileReference; lastKnownFileType = image.png; path = yellowstem.png; sourceTree = SOURCE_ROOT; };
		619FE5FD21C859DD00441C88 /* purple.png */ = {isa = PBXFileReference; lastKnownFileType = image.png; path = purple.png; sourceTree = SOURCE_ROOT; };
		619FE60021C85D2000441C88 /* SelectFlowerViewController.swift */ = {isa = PBXFileReference; lastKnownFileType = sourcecode.swift; path = SelectFlowerViewController.swift; sourceTree = "<group>"; };
		61B2CB1321B5D32D006325A7 /* GardenViewController.swift */ = {isa = PBXFileReference; fileEncoding = 4; lastKnownFileType = sourcecode.swift; path = GardenViewController.swift; sourceTree = "<group>"; };
		61DD3FD7219A2D4A00020E7B /* Due It.app */ = {isa = PBXFileReference; explicitFileType = wrapper.application; includeInIndex = 0; path = "Due It.app"; sourceTree = BUILT_PRODUCTS_DIR; };
		61DD3FDA219A2D4A00020E7B /* AppDelegate.swift */ = {isa = PBXFileReference; lastKnownFileType = sourcecode.swift; path = AppDelegate.swift; sourceTree = "<group>"; };
		61DD3FDC219A2D4A00020E7B /* ViewController.swift */ = {isa = PBXFileReference; lastKnownFileType = sourcecode.swift; path = ViewController.swift; sourceTree = "<group>"; };
		61DD3FDF219A2D4A00020E7B /* Base */ = {isa = PBXFileReference; lastKnownFileType = file.storyboard; name = Base; path = Base.lproj/Main.storyboard; sourceTree = "<group>"; };
		61DD3FE1219A2D4D00020E7B /* Assets.xcassets */ = {isa = PBXFileReference; lastKnownFileType = folder.assetcatalog; path = Assets.xcassets; sourceTree = "<group>"; };
		61DD3FE4219A2D4D00020E7B /* Base */ = {isa = PBXFileReference; lastKnownFileType = file.storyboard; name = Base; path = Base.lproj/LaunchScreen.storyboard; sourceTree = "<group>"; };
		61DD3FE6219A2D4D00020E7B /* Info.plist */ = {isa = PBXFileReference; lastKnownFileType = text.plist.xml; path = Info.plist; sourceTree = "<group>"; };
		61DD3FEB219A2D4D00020E7B /* Due ItTests.xctest */ = {isa = PBXFileReference; explicitFileType = wrapper.cfbundle; includeInIndex = 0; path = "Due ItTests.xctest"; sourceTree = BUILT_PRODUCTS_DIR; };
		61DD3FEF219A2D4D00020E7B /* Due_ItTests.swift */ = {isa = PBXFileReference; lastKnownFileType = sourcecode.swift; path = Due_ItTests.swift; sourceTree = "<group>"; };
		61DD3FF1219A2D4D00020E7B /* Info.plist */ = {isa = PBXFileReference; lastKnownFileType = text.plist.xml; path = Info.plist; sourceTree = "<group>"; };
		61DD3FF6219A2D4D00020E7B /* Due ItUITests.xctest */ = {isa = PBXFileReference; explicitFileType = wrapper.cfbundle; includeInIndex = 0; path = "Due ItUITests.xctest"; sourceTree = BUILT_PRODUCTS_DIR; };
		61DD3FFA219A2D4D00020E7B /* Due_ItUITests.swift */ = {isa = PBXFileReference; lastKnownFileType = sourcecode.swift; path = Due_ItUITests.swift; sourceTree = "<group>"; };
		61DD3FFC219A2D4D00020E7B /* Info.plist */ = {isa = PBXFileReference; lastKnownFileType = text.plist.xml; path = Info.plist; sourceTree = "<group>"; };
		633B3066C835465E44BE6D1F /* Pods-Due ItUITests.debug.xcconfig */ = {isa = PBXFileReference; includeInIndex = 1; lastKnownFileType = text.xcconfig; name = "Pods-Due ItUITests.debug.xcconfig"; path = "Pods/Target Support Files/Pods-Due ItUITests/Pods-Due ItUITests.debug.xcconfig"; sourceTree = "<group>"; };
		6E4F50ED8B3E35937BA5F682 /* Pods-Due ItUITests.release.xcconfig */ = {isa = PBXFileReference; includeInIndex = 1; lastKnownFileType = text.xcconfig; name = "Pods-Due ItUITests.release.xcconfig"; path = "Pods/Target Support Files/Pods-Due ItUITests/Pods-Due ItUITests.release.xcconfig"; sourceTree = "<group>"; };
		A990E2BC60BF3DF5CC7A587F /* Pods-Due ItTests.release.xcconfig */ = {isa = PBXFileReference; includeInIndex = 1; lastKnownFileType = text.xcconfig; name = "Pods-Due ItTests.release.xcconfig"; path = "Pods/Target Support Files/Pods-Due ItTests/Pods-Due ItTests.release.xcconfig"; sourceTree = "<group>"; };
		BC7AAA9B65F323B11F396369 /* Pods-Due ItTests.debug.xcconfig */ = {isa = PBXFileReference; includeInIndex = 1; lastKnownFileType = text.xcconfig; name = "Pods-Due ItTests.debug.xcconfig"; path = "Pods/Target Support Files/Pods-Due ItTests/Pods-Due ItTests.debug.xcconfig"; sourceTree = "<group>"; };
		F5994486DE3407D6E746E811 /* Pods_Due_ItTests.framework */ = {isa = PBXFileReference; explicitFileType = wrapper.framework; includeInIndex = 0; path = Pods_Due_ItTests.framework; sourceTree = BUILT_PRODUCTS_DIR; };
		FE389180AC1C829A0C91C4F1 /* Pods-Due It.debug.xcconfig */ = {isa = PBXFileReference; includeInIndex = 1; lastKnownFileType = text.xcconfig; name = "Pods-Due It.debug.xcconfig"; path = "Pods/Target Support Files/Pods-Due It/Pods-Due It.debug.xcconfig"; sourceTree = "<group>"; };
/* End PBXFileReference section */

/* Begin PBXFrameworksBuildPhase section */
		61DD3FD4219A2D4A00020E7B /* Frameworks */ = {
			isa = PBXFrameworksBuildPhase;
			buildActionMask = 2147483647;
			files = (
				CA811B4DD49CAE3B39E26510 /* Pods_Due_It.framework in Frameworks */,
			);
			runOnlyForDeploymentPostprocessing = 0;
		};
		61DD3FE8219A2D4D00020E7B /* Frameworks */ = {
			isa = PBXFrameworksBuildPhase;
			buildActionMask = 2147483647;
			files = (
				9A3DC7CD5BB278807162CFBE /* Pods_Due_ItTests.framework in Frameworks */,
			);
			runOnlyForDeploymentPostprocessing = 0;
		};
		61DD3FF3219A2D4D00020E7B /* Frameworks */ = {
			isa = PBXFrameworksBuildPhase;
			buildActionMask = 2147483647;
			files = (
				A6FE9B2777C5716C20D88E93 /* Pods_Due_ItUITests.framework in Frameworks */,
			);
			runOnlyForDeploymentPostprocessing = 0;
		};
/* End PBXFrameworksBuildPhase section */

/* Begin PBXGroup section */
		0C97EE14FF098211F070FFE2 /* Frameworks */ = {
			isa = PBXGroup;
			children = (
				1E9EAD70285ABEE0038AB716 /* Pods_Due_It.framework */,
				F5994486DE3407D6E746E811 /* Pods_Due_ItTests.framework */,
				59C73E4BB5AF51A4457F823D /* Pods_Due_ItUITests.framework */,
			);
			name = Frameworks;
			sourceTree = "<group>";
		};
		61DD3FCE219A2D4A00020E7B = {
			isa = PBXGroup;
			children = (
				61DD3FD9219A2D4A00020E7B /* Due It */,
				61DD3FEE219A2D4D00020E7B /* Due ItTests */,
				61DD3FF9219A2D4D00020E7B /* Due ItUITests */,
				61DD3FD8219A2D4A00020E7B /* Products */,
				6DDFDF501FA42099A01B68FB /* Pods */,
				0C97EE14FF098211F070FFE2 /* Frameworks */,
			);
			sourceTree = "<group>";
		};
		61DD3FD8219A2D4A00020E7B /* Products */ = {
			isa = PBXGroup;
			children = (
				61DD3FD7219A2D4A00020E7B /* Due It.app */,
				61DD3FEB219A2D4D00020E7B /* Due ItTests.xctest */,
				61DD3FF6219A2D4D00020E7B /* Due ItUITests.xctest */,
			);
			name = Products;
			sourceTree = "<group>";
		};
		61DD3FD9219A2D4A00020E7B /* Due It */ = {
			isa = PBXGroup;
			children = (
				5B843D6721ADFD3B00425B55 /* Assets.xcassets */,
				5B843D6621ADFD3B00425B55 /* taskParticles.scnp */,
				5B843D6A21AE553800425B55 /* particles.sks */,
				61DD3FDA219A2D4A00020E7B /* AppDelegate.swift */,
				61B2CB1321B5D32D006325A7 /* GardenViewController.swift */,
				619FE60021C85D2000441C88 /* SelectFlowerViewController.swift */,
				61DD3FDC219A2D4A00020E7B /* ViewController.swift */,
				5B929BCE21A9B69A00CCA9F7 /* Task.swift */,
				61DD3FDE219A2D4A00020E7B /* Main.storyboard */,
				619FE5FA21C6DF7300441C88 /* applause2.mp3 */,
				3F86EB1321AF2E890099C1C1 /* LoginViewController.swift */,
				5B935B1521AA2E92004ED88C /* AddTaskViewController.swift */,
				3FA85F8D21B1AC8400B8A3C3 /* EditTaskViewController.swift */,
				5B58384A21ACA68C00D8511E /* DueIt_Logo.png */,
				61DD3FE1219A2D4D00020E7B /* Assets.xcassets */,
				61DD3FE3219A2D4D00020E7B /* LaunchScreen.storyboard */,
				3F86EB1121AF2BF20099C1C1 /* DueItLogo_Launch.png */,
				6146E49921B5D6B7009D4D19 /* flower.png */,
				619FE5FD21C859DD00441C88 /* purple.png */,
				619FE5FC21C859DC00441C88 /* yellowstem.png */,
				6146E49721B5D65A009D4D19 /* garden_background.png */,
				3F86EB0F21AF2BEA0099C1C1 /* GoogleService-Info.plist */,
				61DD3FE6219A2D4D00020E7B /* Info.plist */,
				5B77BFEC21B851E100B06A6C /* Singleton.swift */,
			);
			path = "Due It";
			sourceTree = "<group>";
		};
		61DD3FEE219A2D4D00020E7B /* Due ItTests */ = {
			isa = PBXGroup;
			children = (
				61DD3FEF219A2D4D00020E7B /* Due_ItTests.swift */,
				61DD3FF1219A2D4D00020E7B /* Info.plist */,
			);
			path = "Due ItTests";
			sourceTree = "<group>";
		};
		61DD3FF9219A2D4D00020E7B /* Due ItUITests */ = {
			isa = PBXGroup;
			children = (
				61DD3FFA219A2D4D00020E7B /* Due_ItUITests.swift */,
				61DD3FFC219A2D4D00020E7B /* Info.plist */,
			);
			path = "Due ItUITests";
			sourceTree = "<group>";
		};
		6DDFDF501FA42099A01B68FB /* Pods */ = {
			isa = PBXGroup;
			children = (
				FE389180AC1C829A0C91C4F1 /* Pods-Due It.debug.xcconfig */,
				310538CF4759871C35083027 /* Pods-Due It.release.xcconfig */,
				BC7AAA9B65F323B11F396369 /* Pods-Due ItTests.debug.xcconfig */,
				A990E2BC60BF3DF5CC7A587F /* Pods-Due ItTests.release.xcconfig */,
				633B3066C835465E44BE6D1F /* Pods-Due ItUITests.debug.xcconfig */,
				6E4F50ED8B3E35937BA5F682 /* Pods-Due ItUITests.release.xcconfig */,
			);
			name = Pods;
			sourceTree = "<group>";
		};
/* End PBXGroup section */

/* Begin PBXNativeTarget section */
		61DD3FD6219A2D4A00020E7B /* Due It */ = {
			isa = PBXNativeTarget;
			buildConfigurationList = 61DD3FFF219A2D4D00020E7B /* Build configuration list for PBXNativeTarget "Due It" */;
			buildPhases = (
				69C3F6266F288DBF708C4650 /* [CP] Check Pods Manifest.lock */,
				61DD3FD3219A2D4A00020E7B /* Sources */,
				61DD3FD4219A2D4A00020E7B /* Frameworks */,
				61DD3FD5219A2D4A00020E7B /* Resources */,
				CD2DDA32C9B0E6E1678B93E2 /* [CP] Embed Pods Frameworks */,
			);
			buildRules = (
			);
			dependencies = (
			);
			name = "Due It";
			productName = "Due It";
			productReference = 61DD3FD7219A2D4A00020E7B /* Due It.app */;
			productType = "com.apple.product-type.application";
		};
		61DD3FEA219A2D4D00020E7B /* Due ItTests */ = {
			isa = PBXNativeTarget;
			buildConfigurationList = 61DD4002219A2D4D00020E7B /* Build configuration list for PBXNativeTarget "Due ItTests" */;
			buildPhases = (
				1DCF117D671A1A7F7AF6E3B2 /* [CP] Check Pods Manifest.lock */,
				61DD3FE7219A2D4D00020E7B /* Sources */,
				61DD3FE8219A2D4D00020E7B /* Frameworks */,
				61DD3FE9219A2D4D00020E7B /* Resources */,
			);
			buildRules = (
			);
			dependencies = (
				61DD3FED219A2D4D00020E7B /* PBXTargetDependency */,
			);
			name = "Due ItTests";
			productName = "Due ItTests";
			productReference = 61DD3FEB219A2D4D00020E7B /* Due ItTests.xctest */;
			productType = "com.apple.product-type.bundle.unit-test";
		};
		61DD3FF5219A2D4D00020E7B /* Due ItUITests */ = {
			isa = PBXNativeTarget;
			buildConfigurationList = 61DD4005219A2D4D00020E7B /* Build configuration list for PBXNativeTarget "Due ItUITests" */;
			buildPhases = (
				D532AD48F1F8ABB2B1E380FD /* [CP] Check Pods Manifest.lock */,
				61DD3FF2219A2D4D00020E7B /* Sources */,
				61DD3FF3219A2D4D00020E7B /* Frameworks */,
				61DD3FF4219A2D4D00020E7B /* Resources */,
			);
			buildRules = (
			);
			dependencies = (
				61DD3FF8219A2D4D00020E7B /* PBXTargetDependency */,
			);
			name = "Due ItUITests";
			productName = "Due ItUITests";
			productReference = 61DD3FF6219A2D4D00020E7B /* Due ItUITests.xctest */;
			productType = "com.apple.product-type.bundle.ui-testing";
		};
/* End PBXNativeTarget section */

/* Begin PBXProject section */
		61DD3FCF219A2D4A00020E7B /* Project object */ = {
			isa = PBXProject;
			attributes = {
				LastSwiftUpdateCheck = 1010;
				LastUpgradeCheck = 1010;
				ORGANIZATIONNAME = "Due It";
				TargetAttributes = {
					61DD3FD6219A2D4A00020E7B = {
						CreatedOnToolsVersion = 10.1;
						LastSwiftMigration = 1010;
					};
					61DD3FEA219A2D4D00020E7B = {
						CreatedOnToolsVersion = 10.1;
						TestTargetID = 61DD3FD6219A2D4A00020E7B;
					};
					61DD3FF5219A2D4D00020E7B = {
						CreatedOnToolsVersion = 10.1;
						TestTargetID = 61DD3FD6219A2D4A00020E7B;
					};
				};
			};
			buildConfigurationList = 61DD3FD2219A2D4A00020E7B /* Build configuration list for PBXProject "Due It" */;
			compatibilityVersion = "Xcode 9.3";
			developmentRegion = en;
			hasScannedForEncodings = 0;
			knownRegions = (
				en,
				Base,
			);
			mainGroup = 61DD3FCE219A2D4A00020E7B;
			productRefGroup = 61DD3FD8219A2D4A00020E7B /* Products */;
			projectDirPath = "";
			projectRoot = "";
			targets = (
				61DD3FD6219A2D4A00020E7B /* Due It */,
				61DD3FEA219A2D4D00020E7B /* Due ItTests */,
				61DD3FF5219A2D4D00020E7B /* Due ItUITests */,
			);
		};
/* End PBXProject section */

/* Begin PBXResourcesBuildPhase section */
		61DD3FD5219A2D4A00020E7B /* Resources */ = {
			isa = PBXResourcesBuildPhase;
			buildActionMask = 2147483647;
			files = (
				3F86EB0E21AF2BB10099C1C1 /* DueIt_Logo.png in Resources */,
				3F86EB1021AF2BEA0099C1C1 /* GoogleService-Info.plist in Resources */,
				6146E49821B5D65A009D4D19 /* garden_background.png in Resources */,
				619FE5FE21C859DD00441C88 /* yellowstem.png in Resources */,
				5B843D6821ADFD3B00425B55 /* taskParticles.scnp in Resources */,
				6146E49A21B5D6B8009D4D19 /* flower.png in Resources */,
				61DD3FE5219A2D4D00020E7B /* LaunchScreen.storyboard in Resources */,
				61DD3FE2219A2D4D00020E7B /* Assets.xcassets in Resources */,
				5B843D6B21AE553800425B55 /* particles.sks in Resources */,
				619FE5FF21C859DD00441C88 /* purple.png in Resources */,
				5B843D6921ADFD3B00425B55 /* Assets.xcassets in Resources */,
				3F86EB1221AF2BF20099C1C1 /* DueItLogo_Launch.png in Resources */,
				61DD3FE0219A2D4A00020E7B /* Main.storyboard in Resources */,
				619FE5FB21C6DF7300441C88 /* applause2.mp3 in Resources */,
			);
			runOnlyForDeploymentPostprocessing = 0;
		};
		61DD3FE9219A2D4D00020E7B /* Resources */ = {
			isa = PBXResourcesBuildPhase;
			buildActionMask = 2147483647;
			files = (
			);
			runOnlyForDeploymentPostprocessing = 0;
		};
		61DD3FF4219A2D4D00020E7B /* Resources */ = {
			isa = PBXResourcesBuildPhase;
			buildActionMask = 2147483647;
			files = (
			);
			runOnlyForDeploymentPostprocessing = 0;
		};
/* End PBXResourcesBuildPhase section */

/* Begin PBXShellScriptBuildPhase section */
		1DCF117D671A1A7F7AF6E3B2 /* [CP] Check Pods Manifest.lock */ = {
			isa = PBXShellScriptBuildPhase;
			buildActionMask = 2147483647;
			files = (
			);
			inputFileListPaths = (
			);
			inputPaths = (
				"${PODS_PODFILE_DIR_PATH}/Podfile.lock",
				"${PODS_ROOT}/Manifest.lock",
			);
			name = "[CP] Check Pods Manifest.lock";
			outputFileListPaths = (
			);
			outputPaths = (
				"$(DERIVED_FILE_DIR)/Pods-Due ItTests-checkManifestLockResult.txt",
			);
			runOnlyForDeploymentPostprocessing = 0;
			shellPath = /bin/sh;
			shellScript = "diff \"${PODS_PODFILE_DIR_PATH}/Podfile.lock\" \"${PODS_ROOT}/Manifest.lock\" > /dev/null\nif [ $? != 0 ] ; then\n    # print error to STDERR\n    echo \"error: The sandbox is not in sync with the Podfile.lock. Run 'pod install' or update your CocoaPods installation.\" >&2\n    exit 1\nfi\n# This output is used by Xcode 'outputs' to avoid re-running this script phase.\necho \"SUCCESS\" > \"${SCRIPT_OUTPUT_FILE_0}\"\n";
			showEnvVarsInLog = 0;
		};
		69C3F6266F288DBF708C4650 /* [CP] Check Pods Manifest.lock */ = {
			isa = PBXShellScriptBuildPhase;
			buildActionMask = 2147483647;
			files = (
			);
			inputFileListPaths = (
			);
			inputPaths = (
				"${PODS_PODFILE_DIR_PATH}/Podfile.lock",
				"${PODS_ROOT}/Manifest.lock",
			);
			name = "[CP] Check Pods Manifest.lock";
			outputFileListPaths = (
			);
			outputPaths = (
				"$(DERIVED_FILE_DIR)/Pods-Due It-checkManifestLockResult.txt",
			);
			runOnlyForDeploymentPostprocessing = 0;
			shellPath = /bin/sh;
			shellScript = "diff \"${PODS_PODFILE_DIR_PATH}/Podfile.lock\" \"${PODS_ROOT}/Manifest.lock\" > /dev/null\nif [ $? != 0 ] ; then\n    # print error to STDERR\n    echo \"error: The sandbox is not in sync with the Podfile.lock. Run 'pod install' or update your CocoaPods installation.\" >&2\n    exit 1\nfi\n# This output is used by Xcode 'outputs' to avoid re-running this script phase.\necho \"SUCCESS\" > \"${SCRIPT_OUTPUT_FILE_0}\"\n";
			showEnvVarsInLog = 0;
		};
		CD2DDA32C9B0E6E1678B93E2 /* [CP] Embed Pods Frameworks */ = {
			isa = PBXShellScriptBuildPhase;
			buildActionMask = 2147483647;
			files = (
			);
			inputFileListPaths = (
			);
			inputPaths = (
				"${SRCROOT}/Pods/Target Support Files/Pods-Due It/Pods-Due It-frameworks.sh",
				"${BUILT_PRODUCTS_DIR}/GTMSessionFetcher/GTMSessionFetcher.framework",
				"${BUILT_PRODUCTS_DIR}/GoogleUtilities/GoogleUtilities.framework",
				"${BUILT_PRODUCTS_DIR}/leveldb-library/leveldb.framework",
				"${BUILT_PRODUCTS_DIR}/nanopb/nanopb.framework",
			);
			name = "[CP] Embed Pods Frameworks";
			outputFileListPaths = (
			);
			outputPaths = (
				"${TARGET_BUILD_DIR}/${FRAMEWORKS_FOLDER_PATH}/GTMSessionFetcher.framework",
				"${TARGET_BUILD_DIR}/${FRAMEWORKS_FOLDER_PATH}/GoogleUtilities.framework",
				"${TARGET_BUILD_DIR}/${FRAMEWORKS_FOLDER_PATH}/leveldb.framework",
				"${TARGET_BUILD_DIR}/${FRAMEWORKS_FOLDER_PATH}/nanopb.framework",
			);
			runOnlyForDeploymentPostprocessing = 0;
			shellPath = /bin/sh;
			shellScript = "\"${SRCROOT}/Pods/Target Support Files/Pods-Due It/Pods-Due It-frameworks.sh\"\n";
			showEnvVarsInLog = 0;
		};
		D532AD48F1F8ABB2B1E380FD /* [CP] Check Pods Manifest.lock */ = {
			isa = PBXShellScriptBuildPhase;
			buildActionMask = 2147483647;
			files = (
			);
			inputFileListPaths = (
			);
			inputPaths = (
				"${PODS_PODFILE_DIR_PATH}/Podfile.lock",
				"${PODS_ROOT}/Manifest.lock",
			);
			name = "[CP] Check Pods Manifest.lock";
			outputFileListPaths = (
			);
			outputPaths = (
				"$(DERIVED_FILE_DIR)/Pods-Due ItUITests-checkManifestLockResult.txt",
			);
			runOnlyForDeploymentPostprocessing = 0;
			shellPath = /bin/sh;
			shellScript = "diff \"${PODS_PODFILE_DIR_PATH}/Podfile.lock\" \"${PODS_ROOT}/Manifest.lock\" > /dev/null\nif [ $? != 0 ] ; then\n    # print error to STDERR\n    echo \"error: The sandbox is not in sync with the Podfile.lock. Run 'pod install' or update your CocoaPods installation.\" >&2\n    exit 1\nfi\n# This output is used by Xcode 'outputs' to avoid re-running this script phase.\necho \"SUCCESS\" > \"${SCRIPT_OUTPUT_FILE_0}\"\n";
			showEnvVarsInLog = 0;
		};
/* End PBXShellScriptBuildPhase section */

/* Begin PBXSourcesBuildPhase section */
		61DD3FD3219A2D4A00020E7B /* Sources */ = {
			isa = PBXSourcesBuildPhase;
			buildActionMask = 2147483647;
			files = (
				5B929BCF21A9B69A00CCA9F7 /* Task.swift in Sources */,
				61B2CB1421B5D32E006325A7 /* GardenViewController.swift in Sources */,
				619FE60121C85D2000441C88 /* SelectFlowerViewController.swift in Sources */,
				3FA85F8E21B1AC8400B8A3C3 /* EditTaskViewController.swift in Sources */,
				5B935B1621AA2E92004ED88C /* AddTaskViewController.swift in Sources */,
				61DD3FDD219A2D4A00020E7B /* ViewController.swift in Sources */,
				5B77BFED21B851E100B06A6C /* Singleton.swift in Sources */,
				3F86EB1421AF2E890099C1C1 /* LoginViewController.swift in Sources */,
				61DD3FDB219A2D4A00020E7B /* AppDelegate.swift in Sources */,
			);
			runOnlyForDeploymentPostprocessing = 0;
		};
		61DD3FE7219A2D4D00020E7B /* Sources */ = {
			isa = PBXSourcesBuildPhase;
			buildActionMask = 2147483647;
			files = (
				61DD3FF0219A2D4D00020E7B /* Due_ItTests.swift in Sources */,
				5BB2386221C17C5900B29EFE /* Due_ItUITests.swift in Sources */,
			);
			runOnlyForDeploymentPostprocessing = 0;
		};
		61DD3FF2219A2D4D00020E7B /* Sources */ = {
			isa = PBXSourcesBuildPhase;
			buildActionMask = 2147483647;
			files = (
			);
			runOnlyForDeploymentPostprocessing = 0;
		};
/* End PBXSourcesBuildPhase section */

/* Begin PBXTargetDependency section */
		61DD3FED219A2D4D00020E7B /* PBXTargetDependency */ = {
			isa = PBXTargetDependency;
			target = 61DD3FD6219A2D4A00020E7B /* Due It */;
			targetProxy = 61DD3FEC219A2D4D00020E7B /* PBXContainerItemProxy */;
		};
		61DD3FF8219A2D4D00020E7B /* PBXTargetDependency */ = {
			isa = PBXTargetDependency;
			target = 61DD3FD6219A2D4A00020E7B /* Due It */;
			targetProxy = 61DD3FF7219A2D4D00020E7B /* PBXContainerItemProxy */;
		};
/* End PBXTargetDependency section */

/* Begin PBXVariantGroup section */
		61DD3FDE219A2D4A00020E7B /* Main.storyboard */ = {
			isa = PBXVariantGroup;
			children = (
				61DD3FDF219A2D4A00020E7B /* Base */,
			);
			name = Main.storyboard;
			sourceTree = "<group>";
		};
		61DD3FE3219A2D4D00020E7B /* LaunchScreen.storyboard */ = {
			isa = PBXVariantGroup;
			children = (
				61DD3FE4219A2D4D00020E7B /* Base */,
			);
			name = LaunchScreen.storyboard;
			sourceTree = "<group>";
		};
/* End PBXVariantGroup section */

/* Begin XCBuildConfiguration section */
		61DD3FFD219A2D4D00020E7B /* Debug */ = {
			isa = XCBuildConfiguration;
			buildSettings = {
				ALWAYS_SEARCH_USER_PATHS = NO;
				CLANG_ANALYZER_NONNULL = YES;
				CLANG_ANALYZER_NUMBER_OBJECT_CONVERSION = YES_AGGRESSIVE;
				CLANG_CXX_LANGUAGE_STANDARD = "gnu++14";
				CLANG_CXX_LIBRARY = "libc++";
				CLANG_ENABLE_MODULES = YES;
				CLANG_ENABLE_OBJC_ARC = YES;
				CLANG_ENABLE_OBJC_WEAK = YES;
				CLANG_WARN_BLOCK_CAPTURE_AUTORELEASING = YES;
				CLANG_WARN_BOOL_CONVERSION = YES;
				CLANG_WARN_COMMA = YES;
				CLANG_WARN_CONSTANT_CONVERSION = YES;
				CLANG_WARN_DEPRECATED_OBJC_IMPLEMENTATIONS = YES;
				CLANG_WARN_DIRECT_OBJC_ISA_USAGE = YES_ERROR;
				CLANG_WARN_DOCUMENTATION_COMMENTS = YES;
				CLANG_WARN_EMPTY_BODY = YES;
				CLANG_WARN_ENUM_CONVERSION = YES;
				CLANG_WARN_INFINITE_RECURSION = YES;
				CLANG_WARN_INT_CONVERSION = YES;
				CLANG_WARN_NON_LITERAL_NULL_CONVERSION = YES;
				CLANG_WARN_OBJC_IMPLICIT_RETAIN_SELF = YES;
				CLANG_WARN_OBJC_LITERAL_CONVERSION = YES;
				CLANG_WARN_OBJC_ROOT_CLASS = YES_ERROR;
				CLANG_WARN_RANGE_LOOP_ANALYSIS = YES;
				CLANG_WARN_STRICT_PROTOTYPES = YES;
				CLANG_WARN_SUSPICIOUS_MOVE = YES;
				CLANG_WARN_UNGUARDED_AVAILABILITY = YES_AGGRESSIVE;
				CLANG_WARN_UNREACHABLE_CODE = YES;
				CLANG_WARN__DUPLICATE_METHOD_MATCH = YES;
				CODE_SIGN_IDENTITY = "iPhone Developer";
				COPY_PHASE_STRIP = NO;
				DEBUG_INFORMATION_FORMAT = dwarf;
				ENABLE_STRICT_OBJC_MSGSEND = YES;
				ENABLE_TESTABILITY = YES;
				GCC_C_LANGUAGE_STANDARD = gnu11;
				GCC_DYNAMIC_NO_PIC = NO;
				GCC_NO_COMMON_BLOCKS = YES;
				GCC_OPTIMIZATION_LEVEL = 0;
				GCC_PREPROCESSOR_DEFINITIONS = (
					"DEBUG=1",
					"$(inherited)",
				);
				GCC_WARN_64_TO_32_BIT_CONVERSION = YES;
				GCC_WARN_ABOUT_RETURN_TYPE = YES_ERROR;
				GCC_WARN_UNDECLARED_SELECTOR = YES;
				GCC_WARN_UNINITIALIZED_AUTOS = YES_AGGRESSIVE;
				GCC_WARN_UNUSED_FUNCTION = YES;
				GCC_WARN_UNUSED_VARIABLE = YES;
				IPHONEOS_DEPLOYMENT_TARGET = 12.1;
				MTL_ENABLE_DEBUG_INFO = INCLUDE_SOURCE;
				MTL_FAST_MATH = YES;
				ONLY_ACTIVE_ARCH = YES;
				SDKROOT = iphoneos;
				SWIFT_ACTIVE_COMPILATION_CONDITIONS = DEBUG;
				SWIFT_OPTIMIZATION_LEVEL = "-Onone";
			};
			name = Debug;
		};
		61DD3FFE219A2D4D00020E7B /* Release */ = {
			isa = XCBuildConfiguration;
			buildSettings = {
				ALWAYS_SEARCH_USER_PATHS = NO;
				CLANG_ANALYZER_NONNULL = YES;
				CLANG_ANALYZER_NUMBER_OBJECT_CONVERSION = YES_AGGRESSIVE;
				CLANG_CXX_LANGUAGE_STANDARD = "gnu++14";
				CLANG_CXX_LIBRARY = "libc++";
				CLANG_ENABLE_MODULES = YES;
				CLANG_ENABLE_OBJC_ARC = YES;
				CLANG_ENABLE_OBJC_WEAK = YES;
				CLANG_WARN_BLOCK_CAPTURE_AUTORELEASING = YES;
				CLANG_WARN_BOOL_CONVERSION = YES;
				CLANG_WARN_COMMA = YES;
				CLANG_WARN_CONSTANT_CONVERSION = YES;
				CLANG_WARN_DEPRECATED_OBJC_IMPLEMENTATIONS = YES;
				CLANG_WARN_DIRECT_OBJC_ISA_USAGE = YES_ERROR;
				CLANG_WARN_DOCUMENTATION_COMMENTS = YES;
				CLANG_WARN_EMPTY_BODY = YES;
				CLANG_WARN_ENUM_CONVERSION = YES;
				CLANG_WARN_INFINITE_RECURSION = YES;
				CLANG_WARN_INT_CONVERSION = YES;
				CLANG_WARN_NON_LITERAL_NULL_CONVERSION = YES;
				CLANG_WARN_OBJC_IMPLICIT_RETAIN_SELF = YES;
				CLANG_WARN_OBJC_LITERAL_CONVERSION = YES;
				CLANG_WARN_OBJC_ROOT_CLASS = YES_ERROR;
				CLANG_WARN_RANGE_LOOP_ANALYSIS = YES;
				CLANG_WARN_STRICT_PROTOTYPES = YES;
				CLANG_WARN_SUSPICIOUS_MOVE = YES;
				CLANG_WARN_UNGUARDED_AVAILABILITY = YES_AGGRESSIVE;
				CLANG_WARN_UNREACHABLE_CODE = YES;
				CLANG_WARN__DUPLICATE_METHOD_MATCH = YES;
				CODE_SIGN_IDENTITY = "iPhone Developer";
				COPY_PHASE_STRIP = NO;
				DEBUG_INFORMATION_FORMAT = "dwarf-with-dsym";
				ENABLE_NS_ASSERTIONS = NO;
				ENABLE_STRICT_OBJC_MSGSEND = YES;
				GCC_C_LANGUAGE_STANDARD = gnu11;
				GCC_NO_COMMON_BLOCKS = YES;
				GCC_WARN_64_TO_32_BIT_CONVERSION = YES;
				GCC_WARN_ABOUT_RETURN_TYPE = YES_ERROR;
				GCC_WARN_UNDECLARED_SELECTOR = YES;
				GCC_WARN_UNINITIALIZED_AUTOS = YES_AGGRESSIVE;
				GCC_WARN_UNUSED_FUNCTION = YES;
				GCC_WARN_UNUSED_VARIABLE = YES;
				IPHONEOS_DEPLOYMENT_TARGET = 12.1;
				MTL_ENABLE_DEBUG_INFO = NO;
				MTL_FAST_MATH = YES;
				SDKROOT = iphoneos;
				SWIFT_COMPILATION_MODE = wholemodule;
				SWIFT_OPTIMIZATION_LEVEL = "-O";
				VALIDATE_PRODUCT = YES;
			};
			name = Release;
		};
		61DD4000219A2D4D00020E7B /* Debug */ = {
			isa = XCBuildConfiguration;
			baseConfigurationReference = FE389180AC1C829A0C91C4F1 /* Pods-Due It.debug.xcconfig */;
			buildSettings = {
				ASSETCATALOG_COMPILER_APPICON_NAME = AppIcon;
				CLANG_ENABLE_MODULES = YES;
				CODE_SIGN_STYLE = Automatic;
				DEVELOPMENT_TEAM = TY47YQ285X;
				INFOPLIST_FILE = "Due It/Info.plist";
				LD_RUNPATH_SEARCH_PATHS = (
					"$(inherited)",
					"@executable_path/Frameworks",
				);
				PRODUCT_BUNDLE_IDENTIFIER = "edu.nyu.Due-It55";
				PRODUCT_NAME = "$(TARGET_NAME)";
				SWIFT_OPTIMIZATION_LEVEL = "-Onone";
				SWIFT_VERSION = 4.2;
				TARGETED_DEVICE_FAMILY = "1,2";
			};
			name = Debug;
		};
		61DD4001219A2D4D00020E7B /* Release */ = {
			isa = XCBuildConfiguration;
			baseConfigurationReference = 310538CF4759871C35083027 /* Pods-Due It.release.xcconfig */;
			buildSettings = {
				ASSETCATALOG_COMPILER_APPICON_NAME = AppIcon;
				CLANG_ENABLE_MODULES = YES;
				CODE_SIGN_STYLE = Automatic;
				DEVELOPMENT_TEAM = TY47YQ285X;
				INFOPLIST_FILE = "Due It/Info.plist";
				LD_RUNPATH_SEARCH_PATHS = (
					"$(inherited)",
					"@executable_path/Frameworks",
				);
				PRODUCT_BUNDLE_IDENTIFIER = "edu.nyu.Due-It55";
				PRODUCT_NAME = "$(TARGET_NAME)";
				SWIFT_VERSION = 4.2;
				TARGETED_DEVICE_FAMILY = "1,2";
			};
			name = Release;
		};
		61DD4003219A2D4D00020E7B /* Debug */ = {
			isa = XCBuildConfiguration;
			baseConfigurationReference = BC7AAA9B65F323B11F396369 /* Pods-Due ItTests.debug.xcconfig */;
			buildSettings = {
				ALWAYS_EMBED_SWIFT_STANDARD_LIBRARIES = YES;
				BUNDLE_LOADER = "$(TEST_HOST)";
				CODE_SIGN_STYLE = Automatic;
				INFOPLIST_FILE = "Due ItTests/Info.plist";
				LD_RUNPATH_SEARCH_PATHS = (
					"$(inherited)",
					"@executable_path/Frameworks",
					"@loader_path/Frameworks",
				);
				PRODUCT_BUNDLE_IDENTIFIER = "edu.nyu.Due-ItTests";
				PRODUCT_NAME = "$(TARGET_NAME)";
				SWIFT_VERSION = 4.2;
				TARGETED_DEVICE_FAMILY = "1,2";
				TEST_HOST = "$(BUILT_PRODUCTS_DIR)/Due It.app/Due It";
			};
			name = Debug;
		};
		61DD4004219A2D4D00020E7B /* Release */ = {
			isa = XCBuildConfiguration;
			baseConfigurationReference = A990E2BC60BF3DF5CC7A587F /* Pods-Due ItTests.release.xcconfig */;
			buildSettings = {
				ALWAYS_EMBED_SWIFT_STANDARD_LIBRARIES = YES;
				BUNDLE_LOADER = "$(TEST_HOST)";
				CODE_SIGN_STYLE = Automatic;
				INFOPLIST_FILE = "Due ItTests/Info.plist";
				LD_RUNPATH_SEARCH_PATHS = (
					"$(inherited)",
					"@executable_path/Frameworks",
					"@loader_path/Frameworks",
				);
				PRODUCT_BUNDLE_IDENTIFIER = "edu.nyu.Due-ItTests";
				PRODUCT_NAME = "$(TARGET_NAME)";
				SWIFT_VERSION = 4.2;
				TARGETED_DEVICE_FAMILY = "1,2";
				TEST_HOST = "$(BUILT_PRODUCTS_DIR)/Due It.app/Due It";
			};
			name = Release;
		};
		61DD4006219A2D4D00020E7B /* Debug */ = {
			isa = XCBuildConfiguration;
			baseConfigurationReference = 633B3066C835465E44BE6D1F /* Pods-Due ItUITests.debug.xcconfig */;
			buildSettings = {
				ALWAYS_EMBED_SWIFT_STANDARD_LIBRARIES = YES;
				CODE_SIGN_STYLE = Automatic;
				INFOPLIST_FILE = "Due ItUITests/Info.plist";
				LD_RUNPATH_SEARCH_PATHS = (
					"$(inherited)",
					"@executable_path/Frameworks",
					"@loader_path/Frameworks",
				);
				PRODUCT_BUNDLE_IDENTIFIER = "edu.nyu.Due-ItUITests";
				PRODUCT_NAME = "$(TARGET_NAME)";
				SWIFT_VERSION = 4.2;
				TARGETED_DEVICE_FAMILY = "1,2";
				TEST_TARGET_NAME = "Due It";
			};
			name = Debug;
		};
		61DD4007219A2D4D00020E7B /* Release */ = {
			isa = XCBuildConfiguration;
			baseConfigurationReference = 6E4F50ED8B3E35937BA5F682 /* Pods-Due ItUITests.release.xcconfig */;
			buildSettings = {
				ALWAYS_EMBED_SWIFT_STANDARD_LIBRARIES = YES;
				CODE_SIGN_STYLE = Automatic;
				INFOPLIST_FILE = "Due ItUITests/Info.plist";
				LD_RUNPATH_SEARCH_PATHS = (
					"$(inherited)",
					"@executable_path/Frameworks",
					"@loader_path/Frameworks",
				);
				PRODUCT_BUNDLE_IDENTIFIER = "edu.nyu.Due-ItUITests";
				PRODUCT_NAME = "$(TARGET_NAME)";
				SWIFT_VERSION = 4.2;
				TARGETED_DEVICE_FAMILY = "1,2";
				TEST_TARGET_NAME = "Due It";
			};
			name = Release;
		};
/* End XCBuildConfiguration section */

/* Begin XCConfigurationList section */
		61DD3FD2219A2D4A00020E7B /* Build configuration list for PBXProject "Due It" */ = {
			isa = XCConfigurationList;
			buildConfigurations = (
				61DD3FFD219A2D4D00020E7B /* Debug */,
				61DD3FFE219A2D4D00020E7B /* Release */,
			);
			defaultConfigurationIsVisible = 0;
			defaultConfigurationName = Release;
		};
		61DD3FFF219A2D4D00020E7B /* Build configuration list for PBXNativeTarget "Due It" */ = {
			isa = XCConfigurationList;
			buildConfigurations = (
				61DD4000219A2D4D00020E7B /* Debug */,
				61DD4001219A2D4D00020E7B /* Release */,
			);
			defaultConfigurationIsVisible = 0;
			defaultConfigurationName = Release;
		};
		61DD4002219A2D4D00020E7B /* Build configuration list for PBXNativeTarget "Due ItTests" */ = {
			isa = XCConfigurationList;
			buildConfigurations = (
				61DD4003219A2D4D00020E7B /* Debug */,
				61DD4004219A2D4D00020E7B /* Release */,
			);
			defaultConfigurationIsVisible = 0;
			defaultConfigurationName = Release;
		};
		61DD4005219A2D4D00020E7B /* Build configuration list for PBXNativeTarget "Due ItUITests" */ = {
			isa = XCConfigurationList;
			buildConfigurations = (
				61DD4006219A2D4D00020E7B /* Debug */,
				61DD4007219A2D4D00020E7B /* Release */,
			);
			defaultConfigurationIsVisible = 0;
			defaultConfigurationName = Release;
		};
/* End XCConfigurationList section */
	};
	rootObject = 61DD3FCF219A2D4A00020E7B /* Project object */;
}
